
Microsoft Visual Studio Solution File, Format Version 12.00
# Visual Studio Version 17
VisualStudioVersion = 17.3.32825.248
MinimumVisualStudioVersion = 10.0.40219.1
Project("{FAE04EC0-301F-11D3-BF4B-00C04F79EFBC}") = "Winforms", "Winforms\Winforms.csproj", "{A42DD740-A27A-44A8-80A8-2DF9425086F7}"
EndProject
Project("{FAE04EC0-301F-11D3-BF4B-00C04F79EFBC}") = "GraphControl", "GraphControl\GraphControl.csproj", "{4E567D3F-3183-4C63-B505-C8A4A134DAC8}"
EndProject
Global
	GlobalSection(SolutionConfigurationPlatforms) = preSolution
		Debug|Any CPU = Debug|Any CPU
		Release|Any CPU = Release|Any CPU
	EndGlobalSection
	GlobalSection(ProjectConfigurationPlatforms) = postSolution
		{A42DD740-A27A-44A8-80A8-2DF9425086F7}.Debug|Any CPU.ActiveCfg = Debug|Any CPU
		{A42DD740-A27A-44A8-80A8-2DF9425086F7}.Debug|Any CPU.Build.0 = Debug|Any CPU
		{A42DD740-A27A-44A8-80A8-2DF9425086F7}.Release|Any CPU.ActiveCfg = Release|Any CPU
		{A42DD740-A27A-44A8-80A8-2DF9425086F7}.Release|Any CPU.Build.0 = Release|Any CPU
		{4E567D3F-3183-4C63-B505-C8A4A134DAC8}.Debug|Any CPU.ActiveCfg = Debug|Any CPU
		{4E567D3F-3183-4C63-B505-C8A4A134DAC8}.Debug|Any CPU.Build.0 = Debug|Any CPU
		{4E567D3F-3183-4C63-B505-C8A4A134DAC8}.Release|Any CPU.ActiveCfg = Release|Any CPU
		{4E567D3F-3183-4C63-B505-C8A4A134DAC8}.Release|Any CPU.Build.0 = Release|Any CPU
	EndGlobalSection
	GlobalSection(SolutionProperties) = preSolution
		HideSolutionNode = FALSE
	EndGlobalSection
	GlobalSection(ExtensibilityGlobals) = postSolution
		SolutionGuid = {EB8E2D88-95C1-455E-80FA-31E3FE1B59FE}
	EndGlobalSection
EndGlobal
